// !$*UTF8*$!
{
	archiveVersion = 1;
	classes = {
	};
	objectVersion = 56;
	objects = {

/* Begin PBXBuildFile section */
		0A11A0012CDA4F1000010001 /* ExpenseTrackerSwiftUIApp.swift in Sources */ = {isa = PBXBuildFile; fileRef = 0A11B0012CDA4F1000010001 /* ExpenseTrackerSwiftUIApp.swift */; };
		0A11A0022CDA4F1000010001 /* Models.swift in Sources */ = {isa = PBXBuildFile; fileRef = 0A11B0022CDA4F1000010001 /* Models.swift */; };
		0A11A0032CDA4F1000010001 /* AppStore.swift in Sources */ = {isa = PBXBuildFile; fileRef = 0A11B0032CDA4F1000010001 /* AppStore.swift */; };
		0A11A0042CDA4F1000010001 /* LiquidGlass.swift in Sources */ = {isa = PBXBuildFile; fileRef = 0A11B0042CDA4F1000010001 /* LiquidGlass.swift */; };
		0A11A0052CDA4F1000010001 /* ContentView.swift in Sources */ = {isa = PBXBuildFile; fileRef = 0A11B0052CDA4F1000010001 /* ContentView.swift */; };
		0A11A0062CDA4F1000010001 /* DashboardView.swift in Sources */ = {isa = PBXBuildFile; fileRef = 0A11B0062CDA4F1000010001 /* DashboardView.swift */; };
		0A11A0072CDA4F1000010001 /* AddTransactionSheet.swift in Sources */ = {isa = PBXBuildFile; fileRef = 0A11B0072CDA4F1000010001 /* AddTransactionSheet.swift */; };
		0A11A0082CDA4F1000010001 /* TransactionRow.swift in Sources */ = {isa = PBXBuildFile; fileRef = 0A11B0082CDA4F1000010001 /* TransactionRow.swift */; };
		0A11A0092CDA4F1000010001 /* HistoryView.swift in Sources */ = {isa = PBXBuildFile; fileRef = 0A11B0092CDA4F1000010001 /* HistoryView.swift */; };
		0A11A00A2CDA4F1000010001 /* ReceiptsView.swift in Sources */ = {isa = PBXBuildFile; fileRef = 0A11B00A2CDA4F1000010001 /* ReceiptsView.swift */; };
		0A11A00B2CDA4F1000010001 /* AnalyticsView.swift in Sources */ = {isa = PBXBuildFile; fileRef = 0A11B00B2CDA4F1000010001 /* AnalyticsView.swift */; };
		0A11A00C2CDA4F1000010001 /* SettingsView.swift in Sources */ = {isa = PBXBuildFile; fileRef = 0A11B00C2CDA4F1000010001 /* SettingsView.swift */; };
		0A11A00D2CDA4F1000010001 /* Assets.xcassets in Resources */ = {isa = PBXBuildFile; fileRef = 0A11B00D2CDA4F1000010001 /* Assets.xcassets */; };
		0A11A00E2CDA4F1000010001 /* FirebaseClientConfig.swift in Sources */ = {isa = PBXBuildFile; fileRef = 0A11B0102CDA4F1000010001 /* FirebaseClientConfig.swift */; };
		0A11A00F2CDA4F1000010001 /* AuthViewModel.swift in Sources */ = {isa = PBXBuildFile; fileRef = 0A11B0112CDA4F1000010001 /* AuthViewModel.swift */; };
		0A11A0102CDA4F1000010001 /* SignInView.swift in Sources */ = {isa = PBXBuildFile; fileRef = 0A11B0122CDA4F1000010001 /* SignInView.swift */; };
		0A11A0152CDA4F1000010001 /* FinancialHubView.swift in Sources */ = {isa = PBXBuildFile; fileRef = 0A11B0142CDA4F1000010001 /* FinancialHubView.swift */; };
		0A11A0202CDA4F1000010001 /* Theme.swift in Sources */ = {isa = PBXBuildFile; fileRef = 0A11B0202CDA4F1000010001 /* Theme.swift */; };
		0A11A0212CDA4F1000010001 /* AnimatedMeshBackground.swift in Sources */ = {isa = PBXBuildFile; fileRef = 0A11B0212CDA4F1000010001 /* AnimatedMeshBackground.swift */; };
		0A11A0222CDA4F1000010001 /* HapticFeedback.swift in Sources */ = {isa = PBXBuildFile; fileRef = 0A11B0222CDA4F1000010001 /* HapticFeedback.swift */; };
		0A11A0232CDA4F1000010001 /* Localization.swift in Sources */ = {isa = PBXBuildFile; fileRef = 0A11B0232CDA4F1000010001 /* Localization.swift */; };
		0A11A0242CDA4F1000010001 /* SubscriptionPresets.swift in Sources */ = {isa = PBXBuildFile; fileRef = 0A11B0242CDA4F1000010001 /* SubscriptionPresets.swift */; };
		0A11A0252CDA4F1000010001 /* OnboardingFlow.swift in Sources */ = {isa = PBXBuildFile; fileRef = 0A11B0252CDA4F1000010001 /* OnboardingFlow.swift */; };
		0A11A0262CDA4F1000010001 /* QRCodeView.swift in Sources */ = {isa = PBXBuildFile; fileRef = 0A11B0262CDA4F1000010001 /* QRCodeView.swift */; };
		0A11A0112CDA4F1000010001 /* FirebaseAuth in Frameworks */ = {isa = PBXBuildFile; productRef = 0A1300012CDA4F1000010001 /* FirebaseAuth */; };
		0A11A0122CDA4F1000010001 /* FirebaseCore in Frameworks */ = {isa = PBXBuildFile; productRef = 0A1300022CDA4F1000010001 /* FirebaseCore */; };
		0A11A0132CDA4F1000010001 /* FirebaseDatabase in Frameworks */ = {isa = PBXBuildFile; productRef = 0A1300032CDA4F1000010001 /* FirebaseDatabase */; };
		0A11A0142CDA4F1000010001 /* GoogleSignIn in Frameworks */ = {isa = PBXBuildFile; productRef = 0A1300042CDA4F1000010001 /* GoogleSignIn */; };
/* End PBXBuildFile section */

/* Begin PBXFileReference section */
		0A11B0012CDA4F1000010001 /* ExpenseTrackerSwiftUIApp.swift */ = {isa = PBXFileReference; lastKnownFileType = sourcecode.swift; path = ExpenseTrackerSwiftUIApp.swift; sourceTree = "<group>"; };
		0A11B0022CDA4F1000010001 /* Models.swift */ = {isa = PBXFileReference; lastKnownFileType = sourcecode.swift; path = Models.swift; sourceTree = "<group>"; };
		0A11B0032CDA4F1000010001 /* AppStore.swift */ = {isa = PBXFileReference; lastKnownFileType = sourcecode.swift; path = AppStore.swift; sourceTree = "<group>"; };
		0A11B0042CDA4F1000010001 /* LiquidGlass.swift */ = {isa = PBXFileReference; lastKnownFileType = sourcecode.swift; path = LiquidGlass.swift; sourceTree = "<group>"; };
		0A11B0052CDA4F1000010001 /* ContentView.swift */ = {isa = PBXFileReference; lastKnownFileType = sourcecode.swift; path = ContentView.swift; sourceTree = "<group>"; };
		0A11B0062CDA4F1000010001 /* DashboardView.swift */ = {isa = PBXFileReference; lastKnownFileType = sourcecode.swift; path = DashboardView.swift; sourceTree = "<group>"; };
		0A11B0072CDA4F1000010001 /* AddTransactionSheet.swift */ = {isa = PBXFileReference; lastKnownFileType = sourcecode.swift; path = AddTransactionSheet.swift; sourceTree = "<group>"; };
		0A11B0082CDA4F1000010001 /* TransactionRow.swift */ = {isa = PBXFileReference; lastKnownFileType = sourcecode.swift; path = TransactionRow.swift; sourceTree = "<group>"; };
		0A11B0092CDA4F1000010001 /* HistoryView.swift */ = {isa = PBXFileReference; lastKnownFileType = sourcecode.swift; path = HistoryView.swift; sourceTree = "<group>"; };
		0A11B00A2CDA4F1000010001 /* ReceiptsView.swift */ = {isa = PBXFileReference; lastKnownFileType = sourcecode.swift; path = ReceiptsView.swift; sourceTree = "<group>"; };
		0A11B00B2CDA4F1000010001 /* AnalyticsView.swift */ = {isa = PBXFileReference; lastKnownFileType = sourcecode.swift; path = AnalyticsView.swift; sourceTree = "<group>"; };
		0A11B00C2CDA4F1000010001 /* SettingsView.swift */ = {isa = PBXFileReference; lastKnownFileType = sourcecode.swift; path = SettingsView.swift; sourceTree = "<group>"; };
		0A11B00D2CDA4F1000010001 /* Assets.xcassets */ = {isa = PBXFileReference; lastKnownFileType = folder.assetcatalog; path = Assets.xcassets; sourceTree = "<group>"; };
		0A11B00E2CDA4F1000010001 /* Preview Content */ = {isa = PBXFileReference; lastKnownFileType = folder; path = "Preview Content"; sourceTree = "<group>"; };
		0A11B00F2CDA4F1000010001 /* ExpenseTrackerSwiftUI.app */ = {isa = PBXFileReference; explicitFileType = wrapper.application; includeInIndex = 0; path = ExpenseTrackerSwiftUI.app; sourceTree = BUILT_PRODUCTS_DIR; };
		0A11B0102CDA4F1000010001 /* FirebaseClientConfig.swift */ = {isa = PBXFileReference; lastKnownFileType = sourcecode.swift; path = FirebaseClientConfig.swift; sourceTree = "<group>"; };
		0A11B0112CDA4F1000010001 /* AuthViewModel.swift */ = {isa = PBXFileReference; lastKnownFileType = sourcecode.swift; path = AuthViewModel.swift; sourceTree = "<group>"; };
		0A11B0122CDA4F1000010001 /* SignInView.swift */ = {isa = PBXFileReference; lastKnownFileType = sourcecode.swift; path = SignInView.swift; sourceTree = "<group>"; };
		0A11B0132CDA4F1000010001 /* Info.plist */ = {isa = PBXFileReference; lastKnownFileType = text.plist.xml; path = Info.plist; sourceTree = "<group>"; };
		0A11B0142CDA4F1000010001 /* FinancialHubView.swift */ = {isa = PBXFileReference; lastKnownFileType = sourcecode.swift; path = FinancialHubView.swift; sourceTree = "<group>"; };
		0A11B0202CDA4F1000010001 /* Theme.swift */ = {isa = PBXFileReference; lastKnownFileType = sourcecode.swift; path = Theme.swift; sourceTree = "<group>"; };
		0A11B0212CDA4F1000010001 /* AnimatedMeshBackground.swift */ = {isa = PBXFileReference; lastKnownFileType = sourcecode.swift; path = AnimatedMeshBackground.swift; sourceTree = "<group>"; };
		0A11B0222CDA4F1000010001 /* HapticFeedback.swift */ = {isa = PBXFileReference; lastKnownFileType = sourcecode.swift; path = HapticFeedback.swift; sourceTree = "<group>"; };
		0A11B0232CDA4F1000010001 /* Localization.swift */ = {isa = PBXFileReference; lastKnownFileType = sourcecode.swift; path = Localization.swift; sourceTree = "<group>"; };
		0A11B0242CDA4F1000010001 /* SubscriptionPresets.swift */ = {isa = PBXFileReference; lastKnownFileType = sourcecode.swift; path = SubscriptionPresets.swift; sourceTree = "<group>"; };
		0A11B0252CDA4F1000010001 /* OnboardingFlow.swift */ = {isa = PBXFileReference; lastKnownFileType = sourcecode.swift; path = OnboardingFlow.swift; sourceTree = "<group>"; };
		0A11B0262CDA4F1000010001 /* QRCodeView.swift */ = {isa = PBXFileReference; lastKnownFileType = sourcecode.swift; path = QRCodeView.swift; sourceTree = "<group>"; };
/* End PBXFileReference section */

/* Begin PBXFrameworksBuildPhase section */
		0A11C0012CDA4F1000010001 /* Frameworks */ = {
			isa = PBXFrameworksBuildPhase;
			buildActionMask = 2147483647;
			files = (
				0A11A0112CDA4F1000010001 /* FirebaseAuth in Frameworks */,
				0A11A0122CDA4F1000010001 /* FirebaseCore in Frameworks */,
				0A11A0132CDA4F1000010001 /* FirebaseDatabase in Frameworks */,
				0A11A0142CDA4F1000010001 /* GoogleSignIn in Frameworks */,
			);
			runOnlyForDeploymentPostprocessing = 0;
		};
/* End PBXFrameworksBuildPhase section */

/* Begin PBXGroup section */
		0A11D0012CDA4F1000010001 = {
			isa = PBXGroup;
			children = (
				0A11D0022CDA4F1000010001 /* ExpenseTrackerSwiftUI */,
				0A11D0032CDA4F1000010001 /* Products */,
			);
			sourceTree = "<group>";
		};
		0A11D0022CDA4F1000010001 /* ExpenseTrackerSwiftUI */ = {
			isa = PBXGroup;
			children = (
				0A11B0012CDA4F1000010001 /* ExpenseTrackerSwiftUIApp.swift */,
				0A11B0022CDA4F1000010001 /* Models.swift */,
				0A11B0032CDA4F1000010001 /* AppStore.swift */,
				0A11B0042CDA4F1000010001 /* LiquidGlass.swift */,
				0A11B0052CDA4F1000010001 /* ContentView.swift */,
				0A11B0062CDA4F1000010001 /* DashboardView.swift */,
				0A11B0072CDA4F1000010001 /* AddTransactionSheet.swift */,
				0A11B0082CDA4F1000010001 /* TransactionRow.swift */,
				0A11B0092CDA4F1000010001 /* HistoryView.swift */,
				0A11B00A2CDA4F1000010001 /* ReceiptsView.swift */,
				0A11B00B2CDA4F1000010001 /* AnalyticsView.swift */,
				0A11B00C2CDA4F1000010001 /* SettingsView.swift */,
				0A11B0102CDA4F1000010001 /* FirebaseClientConfig.swift */,
				0A11B0112CDA4F1000010001 /* AuthViewModel.swift */,
				0A11B0122CDA4F1000010001 /* SignInView.swift */,
				0A11B0132CDA4F1000010001 /* Info.plist */,
				0A11B0142CDA4F1000010001 /* FinancialHubView.swift */,
				0A11B0202CDA4F1000010001 /* Theme.swift */,
				0A11B0212CDA4F1000010001 /* AnimatedMeshBackground.swift */,
				0A11B0222CDA4F1000010001 /* HapticFeedback.swift */,
				0A11B0232CDA4F1000010001 /* Localization.swift */,
				0A11B0242CDA4F1000010001 /* SubscriptionPresets.swift */,
				0A11B0252CDA4F1000010001 /* OnboardingFlow.swift */,
				0A11B0262CDA4F1000010001 /* QRCodeView.swift */,
				0A11B00D2CDA4F1000010001 /* Assets.xcassets */,
				0A11B00E2CDA4F1000010001 /* Preview Content */,
			);
			path = ExpenseTrackerSwiftUI;
			sourceTree = "<group>";
		};
		0A11D0032CDA4F1000010001 /* Products */ = {
			isa = PBXGroup;
			children = (
				0A11B00F2CDA4F1000010001 /* ExpenseTrackerSwiftUI.app */,
			);
			name = Products;
			sourceTree = "<group>";
		};
/* End PBXGroup section */

/* Begin PBXNativeTarget section */
		0A11E0012CDA4F1000010001 /* ExpenseTrackerSwiftUI */ = {
			isa = PBXNativeTarget;
			buildConfigurationList = 0A11F0032CDA4F1000010001 /* Build configuration list for PBXNativeTarget "ExpenseTrackerSwiftUI" */;
			buildPhases = (
				0A11C0022CDA4F1000010001 /* Sources */,
				0A11C0012CDA4F1000010001 /* Frameworks */,
				0A11C0032CDA4F1000010001 /* Resources */,
			);
			buildRules = (
			);
			dependencies = (
			);
			name = ExpenseTrackerSwiftUI;
			packageProductDependencies = (
				0A1300012CDA4F1000010001 /* FirebaseAuth */,
				0A1300022CDA4F1000010001 /* FirebaseCore */,
				0A1300032CDA4F1000010001 /* FirebaseDatabase */,
				0A1300042CDA4F1000010001 /* GoogleSignIn */,
			);
			productName = ExpenseTrackerSwiftUI;
			productReference = 0A11B00F2CDA4F1000010001 /* ExpenseTrackerSwiftUI.app */;
			productType = "com.apple.product-type.application";
		};
/* End PBXNativeTarget section */

/* Begin PBXProject section */
		0A11E0022CDA4F1000010001 /* Project object */ = {
			isa = PBXProject;
			attributes = {
				BuildIndependentTargetsInParallel = 1;
				LastSwiftUpdateCheck = 1700;
				LastUpgradeCheck = 1700;
				TargetAttributes = {
					0A11E0012CDA4F1000010001 = {
						CreatedOnToolsVersion = 17.0;
					};
				};
			};
			buildConfigurationList = 0A11F0002CDA4F1000010001 /* Build configuration list for PBXProject "ExpenseTrackerSwiftUI" */;
			compatibilityVersion = "Xcode 14.0";
			developmentRegion = en;
			hasScannedForEncodings = 0;
			knownRegions = (
				en,
				Base,
			);
			mainGroup = 0A11D0012CDA4F1000010001;
			packageReferences = (
				0A1200012CDA4F1000010001 /* XCRemoteSwiftPackageReference "firebase-ios-sdk" */,
				0A1200022CDA4F1000010001 /* XCRemoteSwiftPackageReference "GoogleSignIn-iOS" */,
			);
			productRefGroup = 0A11D0032CDA4F1000010001 /* Products */;
			projectDirPath = "";
			projectRoot = "";
			targets = (
				0A11E0012CDA4F1000010001 /* ExpenseTrackerSwiftUI */,
			);
		};
/* End PBXProject section */

/* Begin PBXResourcesBuildPhase section */
		0A11C0032CDA4F1000010001 /* Resources */ = {
			isa = PBXResourcesBuildPhase;
			buildActionMask = 2147483647;
			files = (
				0A11A00D2CDA4F1000010001 /* Assets.xcassets in Resources */,
			);
			runOnlyForDeploymentPostprocessing = 0;
		};
/* End PBXResourcesBuildPhase section */

/* Begin PBXSourcesBuildPhase section */
		0A11C0022CDA4F1000010001 /* Sources */ = {
			isa = PBXSourcesBuildPhase;
			buildActionMask = 2147483647;
			files = (
				0A11A0012CDA4F1000010001 /* ExpenseTrackerSwiftUIApp.swift in Sources */,
				0A11A0022CDA4F1000010001 /* Models.swift in Sources */,
				0A11A0032CDA4F1000010001 /* AppStore.swift in Sources */,
				0A11A0042CDA4F1000010001 /* LiquidGlass.swift in Sources */,
				0A11A0052CDA4F1000010001 /* ContentView.swift in Sources */,
				0A11A0062CDA4F1000010001 /* DashboardView.swift in Sources */,
				0A11A0072CDA4F1000010001 /* AddTransactionSheet.swift in Sources */,
				0A11A0082CDA4F1000010001 /* TransactionRow.swift in Sources */,
				0A11A0092CDA4F1000010001 /* HistoryView.swift in Sources */,
				0A11A00A2CDA4F1000010001 /* ReceiptsView.swift in Sources */,
				0A11A00B2CDA4F1000010001 /* AnalyticsView.swift in Sources */,
				0A11A00C2CDA4F1000010001 /* SettingsView.swift in Sources */,
				0A11A00E2CDA4F1000010001 /* FirebaseClientConfig.swift in Sources */,
				0A11A00F2CDA4F1000010001 /* AuthViewModel.swift in Sources */,
				0A11A0102CDA4F1000010001 /* SignInView.swift in Sources */,
				0A11A0152CDA4F1000010001 /* FinancialHubView.swift in Sources */,
				0A11A0202CDA4F1000010001 /* Theme.swift in Sources */,
				0A11A0212CDA4F1000010001 /* AnimatedMeshBackground.swift in Sources */,
				0A11A0222CDA4F1000010001 /* HapticFeedback.swift in Sources */,
				0A11A0232CDA4F1000010001 /* Localization.swift in Sources */,
				0A11A0242CDA4F1000010001 /* SubscriptionPresets.swift in Sources */,
				0A11A0252CDA4F1000010001 /* OnboardingFlow.swift in Sources */,
				0A11A0262CDA4F1000010001 /* QRCodeView.swift in Sources */,
			);
			runOnlyForDeploymentPostprocessing = 0;
		};
/* End PBXSourcesBuildPhase section */

/* Begin XCBuildConfiguration section */
		0A11F0012CDA4F1000010001 /* Debug */ = {
			isa = XCBuildConfiguration;
			buildSettings = {
				ALWAYS_SEARCH_USER_PATHS = NO;
				CLANG_ANALYZER_NONNULL = YES;
				CLANG_ANALYZER_NUMBER_OBJECT_CONVERSION = YES_AGGRESSIVE;
				CLANG_CXX_LANGUAGE_STANDARD = "gnu++20";
				CLANG_ENABLE_MODULES = YES;
				CLANG_ENABLE_OBJC_ARC = YES;
				CLANG_ENABLE_OBJC_WEAK = YES;
				CLANG_WARN_BLOCK_CAPTURE_AUTORELEASING = YES;
				CLANG_WARN_BOOL_CONVERSION = YES;
				CLANG_WARN_COMMA = YES;
				CLANG_WARN_CONSTANT_CONVERSION = YES;
				CLANG_WARN_DEPRECATED_OBJC_IMPLEMENTATIONS = YES;
				CLANG_WARN_DIRECT_OBJC_ISA_USAGE = YES_ERROR;
				CLANG_WARN_DOCUMENTATION_COMMENTS = YES;
				CLANG_WARN_EMPTY_BODY = YES;
				CLANG_WARN_ENUM_CONVERSION = YES;
				CLANG_WARN_INFINITE_RECURSION = YES;
				CLANG_WARN_INT_CONVERSION = YES;
				CLANG_WARN_NON_LITERAL_NULL_CONVERSION = YES;
				CLANG_WARN_OBJC_IMPLICIT_RETAIN_SELF = YES;
				CLANG_WARN_OBJC_LITERAL_CONVERSION = YES;
				CLANG_WARN_OBJC_ROOT_CLASS = YES_ERROR;
				CLANG_WARN_QUOTED_INCLUDE_IN_FRAMEWORK_HEADER = YES;
				CLANG_WARN_RANGE_LOOP_ANALYSIS = YES;
				CLANG_WARN_STRICT_PROTOTYPES = YES;
				CLANG_WARN_SUSPICIOUS_MOVE = YES;
				CLANG_WARN_UNGUARDED_AVAILABILITY = YES_AGGRESSIVE;
				CLANG_WARN_UNREACHABLE_CODE = YES;
				CLANG_WARN__DUPLICATE_METHOD_MATCH = YES;
				COPY_PHASE_STRIP = NO;
				DEBUG_INFORMATION_FORMAT = dwarf;
				ENABLE_STRICT_OBJC_MSGSEND = YES;
				ENABLE_TESTABILITY = YES;
				ENABLE_USER_SCRIPT_SANDBOXING = YES;
				GCC_C_LANGUAGE_STANDARD = gnu17;
				GCC_DYNAMIC_NO_PIC = NO;
				GCC_NO_COMMON_BLOCKS = YES;
				GCC_OPTIMIZATION_LEVEL = 0;
				GCC_PREPROCESSOR_DEFINITIONS = (
					"DEBUG=1",
					"$(inherited)",
				);
				GCC_WARN_64_TO_32_BIT_CONVERSION = YES;
				GCC_WARN_ABOUT_RETURN_TYPE = YES_ERROR;
				GCC_WARN_UNDECLARED_SELECTOR = YES;
				GCC_WARN_UNINITIALIZED_AUTOS = YES_AGGRESSIVE;
				GCC_WARN_UNUSED_FUNCTION = YES;
				GCC_WARN_UNUSED_VARIABLE = YES;
				IPHONEOS_DEPLOYMENT_TARGET = 26.0;
				MTL_ENABLE_DEBUG_INFO = INCLUDE_SOURCE;
				MTL_FAST_MATH = YES;
				ONLY_ACTIVE_ARCH = YES;
				SDKROOT = iphoneos;
				SWIFT_ACTIVE_COMPILATION_CONDITIONS = DEBUG;
				SWIFT_OPTIMIZATION_LEVEL = "-Onone";
			};
			name = Debug;
		};
		0A11F0022CDA4F1000010001 /* Release */ = {
			isa = XCBuildConfiguration;
			buildSettings = {
				ALWAYS_SEARCH_USER_PATHS = NO;
				CLANG_ANALYZER_NONNULL = YES;
				CLANG_ANALYZER_NUMBER_OBJECT_CONVERSION = YES_AGGRESSIVE;
				CLANG_CXX_LANGUAGE_STANDARD = "gnu++20";
				CLANG_ENABLE_MODULES = YES;
				CLANG_ENABLE_OBJC_ARC = YES;
				CLANG_ENABLE_OBJC_WEAK = YES;
				CLANG_WARN_BLOCK_CAPTURE_AUTORELEASING = YES;
				CLANG_WARN_BOOL_CONVERSION = YES;
				CLANG_WARN_COMMA = YES;
				CLANG_WARN_CONSTANT_CONVERSION = YES;
				CLANG_WARN_DEPRECATED_OBJC_IMPLEMENTATIONS = YES;
				CLANG_WARN_DIRECT_OBJC_ISA_USAGE = YES_ERROR;
				CLANG_WARN_DOCUMENTATION_COMMENTS = YES;
				CLANG_WARN_EMPTY_BODY = YES;
				CLANG_WARN_ENUM_CONVERSION = YES;
				CLANG_WARN_INFINITE_RECURSION = YES;
				CLANG_WARN_INT_CONVERSION = YES;
				CLANG_WARN_NON_LITERAL_NULL_CONVERSION = YES;
				CLANG_WARN_OBJC_IMPLICIT_RETAIN_SELF = YES;
				CLANG_WARN_OBJC_LITERAL_CONVERSION = YES;
				CLANG_WARN_OBJC_ROOT_CLASS = YES_ERROR;
				CLANG_WARN_QUOTED_INCLUDE_IN_FRAMEWORK_HEADER = YES;
				CLANG_WARN_RANGE_LOOP_ANALYSIS = YES;
				CLANG_WARN_STRICT_PROTOTYPES = YES;
				CLANG_WARN_SUSPICIOUS_MOVE = YES;
				CLANG_WARN_UNGUARDED_AVAILABILITY = YES_AGGRESSIVE;
				CLANG_WARN_UNREACHABLE_CODE = YES;
				CLANG_WARN__DUPLICATE_METHOD_MATCH = YES;
				COPY_PHASE_STRIP = NO;
				DEBUG_INFORMATION_FORMAT = "dwarf-with-dsym";
				ENABLE_NS_ASSERTIONS = NO;
				ENABLE_STRICT_OBJC_MSGSEND = YES;
				ENABLE_USER_SCRIPT_SANDBOXING = YES;
				GCC_C_LANGUAGE_STANDARD = gnu17;
				GCC_NO_COMMON_BLOCKS = YES;
				GCC_WARN_64_TO_32_BIT_CONVERSION = YES;
				GCC_WARN_ABOUT_RETURN_TYPE = YES_ERROR;
				GCC_WARN_UNDECLARED_SELECTOR = YES;
				GCC_WARN_UNINITIALIZED_AUTOS = YES_AGGRESSIVE;
				GCC_WARN_UNUSED_FUNCTION = YES;
				GCC_WARN_UNUSED_VARIABLE = YES;
				IPHONEOS_DEPLOYMENT_TARGET = 26.0;
				MTL_ENABLE_DEBUG_INFO = NO;
				MTL_FAST_MATH = YES;
				SDKROOT = iphoneos;
				SWIFT_COMPILATION_MODE = wholemodule;
				VALIDATE_PRODUCT = YES;
			};
			name = Release;
		};
		0A11F0042CDA4F1000010001 /* Debug */ = {
			isa = XCBuildConfiguration;
			buildSettings = {
				ASSETCATALOG_COMPILER_APPICON_NAME = AppIcon;
				ASSETCATALOG_COMPILER_GLOBAL_ACCENT_COLOR_NAME = AccentColor;
				CODE_SIGN_STYLE = Automatic;
				CURRENT_PROJECT_VERSION = 10;
				DEVELOPMENT_ASSET_PATHS = "\"ExpenseTrackerSwiftUI/Preview Content\"";
				DEVELOPMENT_TEAM = "";
				ENABLE_PREVIEWS = YES;
				GENERATE_INFOPLIST_FILE = NO;
				GOOGLE_CLIENT_ID = 961873874615-aou9tmmfarru9l3cr48q8hmbtv9n910f.apps.googleusercontent.com;
				INFOPLIST_FILE = ExpenseTrackerSwiftUI/Info.plist;
				IPHONEOS_DEPLOYMENT_TARGET = 26.0;
				MARKETING_VERSION = 1.1.0;
				OTHER_LDFLAGS = (
					"$(inherited)",
					"-ObjC",
				);
				PRODUCT_BUNDLE_IDENTIFIER = planer;
				PRODUCT_NAME = "$(TARGET_NAME)";
				REVERSED_CLIENT_ID = com.googleusercontent.apps.961873874615-aou9tmmfarru9l3cr48q8hmbtv9n910f;
				SUPPORTED_PLATFORMS = "iphoneos iphonesimulator";
				SUPPORTS_MACCATALYST = NO;
				SUPPORTS_MAC_DESIGNED_FOR_IPHONE_IPAD = NO;
				SWIFT_EMIT_LOC_STRINGS = YES;
				SWIFT_VERSION = 5.0;
				TARGETED_DEVICE_FAMILY = 1;
			};
			name = Debug;
		};
		0A11F0052CDA4F1000010001 /* Release */ = {
			isa = XCBuildConfiguration;
			buildSettings = {
				ASSETCATALOG_COMPILER_APPICON_NAME = AppIcon;
				ASSETCATALOG_COMPILER_GLOBAL_ACCENT_COLOR_NAME = AccentColor;
				CODE_SIGN_STYLE = Automatic;
				CURRENT_PROJECT_VERSION = 10;
				DEVELOPMENT_ASSET_PATHS = "\"ExpenseTrackerSwiftUI/Preview Content\"";
				DEVELOPMENT_TEAM = "";
				ENABLE_PREVIEWS = YES;
				GENERATE_INFOPLIST_FILE = NO;
				GOOGLE_CLIENT_ID = 961873874615-aou9tmmfarru9l3cr48q8hmbtv9n910f.apps.googleusercontent.com;
				INFOPLIST_FILE = ExpenseTrackerSwiftUI/Info.plist;
				IPHONEOS_DEPLOYMENT_TARGET = 26.0;
				MARKETING_VERSION = 1.1.0;
				OTHER_LDFLAGS = (
					"$(inherited)",
					"-ObjC",
				);
				PRODUCT_BUNDLE_IDENTIFIER = planer;
				PRODUCT_NAME = "$(TARGET_NAME)";
				REVERSED_CLIENT_ID = com.googleusercontent.apps.961873874615-aou9tmmfarru9l3cr48q8hmbtv9n910f;
				SUPPORTED_PLATFORMS = "iphoneos iphonesimulator";
				SUPPORTS_MACCATALYST = NO;
				SUPPORTS_MAC_DESIGNED_FOR_IPHONE_IPAD = NO;
				SWIFT_EMIT_LOC_STRINGS = YES;
				SWIFT_VERSION = 5.0;
				TARGETED_DEVICE_FAMILY = 1;
			};
			name = Release;
		};
/* End XCBuildConfiguration section */

/* Begin XCConfigurationList section */
		0A11F0002CDA4F1000010001 /* Build configuration list for PBXProject "ExpenseTrackerSwiftUI" */ = {
			isa = XCConfigurationList;
			buildConfigurations = (
				0A11F0012CDA4F1000010001 /* Debug */,
				0A11F0022CDA4F1000010001 /* Release */,
			);
			defaultConfigurationIsVisible = 0;
			defaultConfigurationName = Release;
		};
		0A11F0032CDA4F1000010001 /* Build configuration list for PBXNativeTarget "ExpenseTrackerSwiftUI" */ = {
			isa = XCConfigurationList;
			buildConfigurations = (
				0A11F0042CDA4F1000010001 /* Debug */,
				0A11F0052CDA4F1000010001 /* Release */,
			);
			defaultConfigurationIsVisible = 0;
			defaultConfigurationName = Release;
		};
/* End XCConfigurationList section */

/* Begin XCRemoteSwiftPackageReference section */
		0A1200012CDA4F1000010001 /* XCRemoteSwiftPackageReference "firebase-ios-sdk" */ = {
			isa = XCRemoteSwiftPackageReference;
			repositoryURL = "https://github.com/firebase/firebase-ios-sdk";
			requirement = {
				kind = upToNextMajorVersion;
				minimumVersion = 12.0.0;
			};
		};
		0A1200022CDA4F1000010001 /* XCRemoteSwiftPackageReference "GoogleSignIn-iOS" */ = {
			isa = XCRemoteSwiftPackageReference;
			repositoryURL = "https://github.com/google/GoogleSignIn-iOS";
			requirement = {
				kind = upToNextMajorVersion;
				minimumVersion = 9.0.0;
			};
		};
/* End XCRemoteSwiftPackageReference section */

/* Begin XCSwiftPackageProductDependency section */
		0A1300012CDA4F1000010001 /* FirebaseAuth */ = {
			isa = XCSwiftPackageProductDependency;
			package = 0A1200012CDA4F1000010001 /* XCRemoteSwiftPackageReference "firebase-ios-sdk" */;
			productName = FirebaseAuth;
		};
		0A1300022CDA4F1000010001 /* FirebaseCore */ = {
			isa = XCSwiftPackageProductDependency;
			package = 0A1200012CDA4F1000010001 /* XCRemoteSwiftPackageReference "firebase-ios-sdk" */;
			productName = FirebaseCore;
		};
		0A1300032CDA4F1000010001 /* FirebaseDatabase */ = {
			isa = XCSwiftPackageProductDependency;
			package = 0A1200012CDA4F1000010001 /* XCRemoteSwiftPackageReference "firebase-ios-sdk" */;
			productName = FirebaseDatabase;
		};
		0A1300042CDA4F1000010001 /* GoogleSignIn */ = {
			isa = XCSwiftPackageProductDependency;
			package = 0A1200022CDA4F1000010001 /* XCRemoteSwiftPackageReference "GoogleSignIn-iOS" */;
			productName = GoogleSignIn;
		};
/* End XCSwiftPackageProductDependency section */
	};
	rootObject = 0A11E0022CDA4F1000010001 /* Project object */;
}
